GEM
  remote: https://rubygems.org/
  specs:
    benchmark (0.5.0)
    diff-lcs (1.6.2)
    erubi (1.13.1)
    logger (1.7.0)
    netrc (0.11.0)
    parallel (1.27.0)
    prism (1.9.0)
    rbi (0.3.9)
      prism (~> 1.0)
      rbs (>= 3.4.4)
    rbs (3.10.3)
      logger
      tsort
    rexml (3.4.4)
    rspec (3.13.2)
      rspec-core (~> 3.13.0)
      rspec-expectations (~> 3.13.0)
      rspec-mocks (~> 3.13.0)
    rspec-core (3.13.6)
      rspec-support (~> 3.13.0)
    rspec-expectations (3.13.5)
      diff-lcs (>= 1.2.0, < 2.0)
      rspec-support (~> 3.13.0)
    rspec-mocks (3.13.7)
      diff-lcs (>= 1.2.0, < 2.0)
      rspec-support (~> 3.13.0)
    rspec-support (3.13.7)
    sorbet (0.6.12966)
      sorbet-static (= 0.6.12966)
    sorbet-runtime (0.6.12966)
    sorbet-static (0.6.12966-aarch64-linux)
    sorbet-static (0.6.12966-universal-darwin)
    sorbet-static (0.6.12966-x86_64-linux)
    sorbet-static-and-runtime (0.6.12966)
      sorbet (= 0.6.12966)
      sorbet-runtime (= 0.6.12966)
    spoom (1.6.3)
      erubi (>= 1.10.0)
      prism (>= 0.28.0)
      rbi (>= 0.3.3)
      rexml (>= 3.2.6)
      sorbet-static-and-runtime (>= 0.5.10187)
      thor (>= 0.19.2)
    tapioca (0.16.11)
      benchmark
      bundler (>= 2.2.25)
      netrc (>= 0.11.0)
      parallel (>= 1.21.0)
      rbi (~> 0.2)
      sorbet-static-and-runtime (>= 0.5.11087)
      spoom (>= 1.2.0)
      thor (>= 1.2.0)
      yard-sorbet
    thor (1.5.0)
    tsort (0.2.0)
    yard (0.9.38)
    yard-sorbet (0.9.0)
      sorbet-runtime
      yard

PLATFORMS
  aarch64-linux
  universal-darwin
  x86_64-linux

DEPENDENCIES
  rspec (~> 3.0)
  sorbet
  sorbet-runtime
  tapioca

CHECKSUMS
  benchmark (0.5.0) sha256=465df122341aedcb81a2a24b4d3bd19b6c67c1530713fd533f3ff034e419236c
  diff-lcs (1.6.2) sha256=9ae0d2cba7d4df3075fe8cd8602a8604993efc0dfa934cff568969efb1909962
  erubi (1.13.1) sha256=a082103b0885dbc5ecf1172fede897f9ebdb745a4b97a5e8dc63953db1ee4ad9
  logger (1.7.0) sha256=196edec7cc44b66cfb40f9755ce11b392f21f7967696af15d274dde7edff0203
  netrc (0.11.0) sha256=de1ce33da8c99ab1d97871726cba75151113f117146becbe45aa85cb3dabee3f
  parallel (1.27.0) sha256=4ac151e1806b755fb4e2dc2332cbf0e54f2e24ba821ff2d3dcf86bf6dc4ae130
  prism (1.9.0) sha256=7b530c6a9f92c24300014919c9dcbc055bf4cdf51ec30aed099b06cd6674ef85
  rbi (0.3.9) sha256=d6a187bd0b376e999d3d82a5e5798a61178be98b894b7b35741c14162c9ea015
  rbs (3.10.3) sha256=70627f3919016134d554e6c99195552ae3ef6020fe034c8e983facc9c192daa6
  rexml (3.4.4) sha256=19e0a2c3425dfbf2d4fc1189747bdb2f849b6c5e74180401b15734bc97b5d142
  rspec (3.13.2) sha256=206284a08ad798e61f86d7ca3e376718d52c0bc944626b2349266f239f820587
  rspec-core (3.13.6) sha256=a8823c6411667b60a8bca135364351dda34cd55e44ff94c4be4633b37d828b2d
  rspec-expectations (3.13.5) sha256=33a4d3a1d95060aea4c94e9f237030a8f9eae5615e9bd85718fe3a09e4b58836
  rspec-mocks (3.13.7) sha256=0979034e64b1d7a838aaaddf12bf065ea4dc40ef3d4c39f01f93ae2c66c62b1c
  rspec-support (3.13.7) sha256=0640e5570872aafefd79867901deeeeb40b0c9875a36b983d85f54fb7381c47c
  sorbet (0.6.12966) sha256=1c39c970bbd9b971a2ae6ac028bff71cb251b9fe29d4a82e8acee58984d86e10
  sorbet-runtime (0.6.12966) sha256=c004687d80d90a5e5fc211b655f640ee8b38369b71aec937f0cca069a181a287
  sorbet-static (0.6.12966-aarch64-linux) sha256=2dda0f7939b8d12983afa9541ac634ca1209261afe4865cd60455c790039335f
  sorbet-static (0.6.12966-universal-darwin) sha256=395779b7370f53a1c7762b3b1efed6b4a10ee91cd2b29372e5a9da7adb6d75c3
  sorbet-static (0.6.12966-x86_64-linux) sha256=e1eba4fd0ed8e4b682f6867e95ad14c6555ee450a72d913188cdc5535e81954f
  sorbet-static-and-runtime (0.6.12966) sha256=403985da03ce8c0ef373b794cab629604ec2426fc593be2caada402a14f9940e
  spoom (1.6.3) sha256=0d05a501a643a2e3cb75357583fcd0a400e92e05cd05a1bf1a08cda6d321d153
  tapioca (0.16.11) sha256=beeb388a5e2022ef8880cd24f57bc2acb59b65a4d5a6aa59bc1f10bc7b1eb1f7
  thor (1.5.0) sha256=e3a9e55fe857e44859ce104a84675ab6e8cd59c650a49106a05f55f136425e73
  tsort (0.2.0) sha256=9650a793f6859a43b6641671278f79cfead60ac714148aabe4e3f0060480089f
  yard (0.9.38) sha256=721fb82afb10532aa49860655f6cc2eaa7130889df291b052e1e6b268283010f
  yard-sorbet (0.9.0) sha256=03d1aa461b9e9c82b886919a13aa3e09fcf4d1852239d2967ed97e92723ffe21

BUNDLED WITH
  4.0.7
